
Microsoft Visual Studio Solution File, Format Version 11.00
# Visual Studio 2010
Project("{FAE04EC0-301F-11D3-BF4B-00C04F79EFBC}") = "Gibbed.Atlus.FileFormats", "Gibbed.Atlus.FileFormats\Gibbed.Atlus.FileFormats.csproj", "{28C55649-51A5-49F3-8444-E97C94B352E2}"
EndProject
Project("{FAE04EC0-301F-11D3-BF4B-00C04F79EFBC}") = "NDesk.Options", "NDesk.Options\NDesk.Options.csproj", "{C98A6CD6-9422-4B35-8B7A-F520D75534D1}"
EndProject
Project("{FAE04EC0-301F-11D3-BF4B-00C04F79EFBC}") = "Gibbed.Atlus.Test", "Gibbed.Atlus.Test\Gibbed.Atlus.Test.csproj", "{61CC0565-7404-4C18-A24C-3155E53A0DAD}"
EndProject
Project("{FAE04EC0-301F-11D3-BF4B-00C04F79EFBC}") = "Gibbed.Atlus.DisassembleBF", "Gibbed.Atlus.DisassembleBF\Gibbed.Atlus.DisassembleBF.csproj", "{5C112E32-08E9-42B7-BA38-574DA1EA8B95}"
EndProject
Project("{FAE04EC0-301F-11D3-BF4B-00C04F79EFBC}") = "Gibbed.Atlus.Unpack", "Gibbed.Atlus.Unpack\Gibbed.Atlus.Unpack.csproj", "{7F4248EB-855C-4B2D-8A83-3D3F0CB94E65}"
EndProject
Project("{FAE04EC0-301F-11D3-BF4B-00C04F79EFBC}") = "Gibbed.Atlus.UnpackMany", "Gibbed.Atlus.UnpackMany\Gibbed.Atlus.UnpackMany.csproj", "{5A60A49C-5168-4309-9C3D-71653F6070AF}"
EndProject
Project("{FAE04EC0-301F-11D3-BF4B-00C04F79EFBC}") = "Gibbed.Atlus.DisassembleManyBF", "Gibbed.Atlus.DisassembleManyBF\Gibbed.Atlus.DisassembleManyBF.csproj", "{6C88F3E3-9541-452F-AE8D-2E00D25B3124}"
EndProject
Project("{FAE04EC0-301F-11D3-BF4B-00C04F79EFBC}") = "Gibbed.IO", "Gibbed.IO\Gibbed.IO.csproj", "{047857BA-DAA3-4CA7-AFB8-A1B082B28C6A}"
EndProject
Global
	GlobalSection(SolutionConfigurationPlatforms) = preSolution
		Debug|Any CPU = Debug|Any CPU
		Release|Any CPU = Release|Any CPU
	EndGlobalSection
	GlobalSection(ProjectConfigurationPlatforms) = postSolution
		{28C55649-51A5-49F3-8444-E97C94B352E2}.Debug|Any CPU.ActiveCfg = Debug|Any CPU
		{28C55649-51A5-49F3-8444-E97C94B352E2}.Debug|Any CPU.Build.0 = Debug|Any CPU
		{28C55649-51A5-49F3-8444-E97C94B352E2}.Release|Any CPU.ActiveCfg = Release|Any CPU
		{28C55649-51A5-49F3-8444-E97C94B352E2}.Release|Any CPU.Build.0 = Release|Any CPU
		{C98A6CD6-9422-4B35-8B7A-F520D75534D1}.Debug|Any CPU.ActiveCfg = Debug|Any CPU
		{C98A6CD6-9422-4B35-8B7A-F520D75534D1}.Debug|Any CPU.Build.0 = Debug|Any CPU
		{C98A6CD6-9422-4B35-8B7A-F520D75534D1}.Release|Any CPU.ActiveCfg = Release|Any CPU
		{C98A6CD6-9422-4B35-8B7A-F520D75534D1}.Release|Any CPU.Build.0 = Release|Any CPU
		{61CC0565-7404-4C18-A24C-3155E53A0DAD}.Debug|Any CPU.ActiveCfg = Debug|Any CPU
		{61CC0565-7404-4C18-A24C-3155E53A0DAD}.Debug|Any CPU.Build.0 = Debug|Any CPU
		{61CC0565-7404-4C18-A24C-3155E53A0DAD}.Release|Any CPU.ActiveCfg = Release|Any CPU
		{61CC0565-7404-4C18-A24C-3155E53A0DAD}.Release|Any CPU.Build.0 = Release|Any CPU
		{5C112E32-08E9-42B7-BA38-574DA1EA8B95}.Debug|Any CPU.ActiveCfg = Debug|Any CPU
		{5C112E32-08E9-42B7-BA38-574DA1EA8B95}.Debug|Any CPU.Build.0 = Debug|Any CPU
		{5C112E32-08E9-42B7-BA38-574DA1EA8B95}.Release|Any CPU.ActiveCfg = Release|Any CPU
		{5C112E32-08E9-42B7-BA38-574DA1EA8B95}.Release|Any CPU.Build.0 = Release|Any CPU
		{7F4248EB-855C-4B2D-8A83-3D3F0CB94E65}.Debug|Any CPU.ActiveCfg = Debug|Any CPU
		{7F4248EB-855C-4B2D-8A83-3D3F0CB94E65}.Debug|Any CPU.Build.0 = Debug|Any CPU
		{7F4248EB-855C-4B2D-8A83-3D3F0CB94E65}.Release|Any CPU.ActiveCfg = Release|Any CPU
		{7F4248EB-855C-4B2D-8A83-3D3F0CB94E65}.Release|Any CPU.Build.0 = Release|Any CPU
		{5A60A49C-5168-4309-9C3D-71653F6070AF}.Debug|Any CPU.ActiveCfg = Debug|Any CPU
		{5A60A49C-5168-4309-9C3D-71653F6070AF}.Debug|Any CPU.Build.0 = Debug|Any CPU
		{5A60A49C-5168-4309-9C3D-71653F6070AF}.Release|Any CPU.ActiveCfg = Release|Any CPU
		{5A60A49C-5168-4309-9C3D-71653F6070AF}.Release|Any CPU.Build.0 = Release|Any CPU
		{6C88F3E3-9541-452F-AE8D-2E00D25B3124}.Debug|Any CPU.ActiveCfg = Debug|Any CPU
		{6C88F3E3-9541-452F-AE8D-2E00D25B3124}.Debug|Any CPU.Build.0 = Debug|Any CPU
		{6C88F3E3-9541-452F-AE8D-2E00D25B3124}.Release|Any CPU.ActiveCfg = Release|Any CPU
		{6C88F3E3-9541-452F-AE8D-2E00D25B3124}.Release|Any CPU.Build.0 = Release|Any CPU
		{047857BA-DAA3-4CA7-AFB8-A1B082B28C6A}.Debug|Any CPU.ActiveCfg = Debug|Any CPU
		{047857BA-DAA3-4CA7-AFB8-A1B082B28C6A}.Debug|Any CPU.Build.0 = Debug|Any CPU
		{047857BA-DAA3-4CA7-AFB8-A1B082B28C6A}.Release|Any CPU.ActiveCfg = Release|Any CPU
		{047857BA-DAA3-4CA7-AFB8-A1B082B28C6A}.Release|Any CPU.Build.0 = Release|Any CPU
	EndGlobalSection
	GlobalSection(SolutionProperties) = preSolution
		HideSolutionNode = FALSE
	EndGlobalSection
EndGlobal
